
Microsoft Visual Studio Solution File, Format Version 12.00
# Visual Studio Version 16
VisualStudioVersion = 16.0.29806.167
MinimumVisualStudioVersion = 10.0.40219.1
Project("{FAE04EC0-301F-11D3-BF4B-00C04F79EFBC}") = "v3x", "v3x.csproj", "{A3FB11A1-D9CC-494D-8053-061ABF43C8E3}"
EndProject
Global
	GlobalSection(SolutionConfigurationPlatforms) = preSolution
		Debug|Any CPU = Debug|Any CPU
		Release|Any CPU = Release|Any CPU
	EndGlobalSection
	GlobalSection(ProjectConfigurationPlatforms) = postSolution
		{A3FB11A1-D9CC-494D-8053-061ABF43C8E3}.Debug|Any CPU.ActiveCfg = Debug|Any CPU
		{A3FB11A1-D9CC-494D-8053-061ABF43C8E3}.Debug|Any CPU.Build.0 = Debug|Any CPU
		{A3FB11A1-D9CC-494D-8053-061ABF43C8E3}.Release|Any CPU.ActiveCfg = Release|Any CPU
		{A3FB11A1-D9CC-494D-8053-061ABF43C8E3}.Release|Any CPU.Build.0 = Release|Any CPU
	EndGlobalSection
	GlobalSection(SolutionProperties) = preSolution
		HideSolutionNode = FALSE
	EndGlobalSection
	GlobalSection(ExtensibilityGlobals) = postSolution
		SolutionGuid = {D1580E59-DD9D-4556-825C-7DEED0E3E755}
	EndGlobalSection
EndGlobal
